
Microsoft Visual Studio Solution File, Format Version 12.00
# Visual Studio 14
VisualStudioVersion = 14.0.25420.1
MinimumVisualStudioVersion = 10.0.40219.1
Project("{FAE04EC0-301F-11D3-BF4B-00C04F79EFBC}") = "BibleApp", "BibleApp\BibleApp\BibleApp.csproj", "{DEBB4C4A-BBF2-45CD-B08E-283CC13EAFB2}"
EndProject
Project("{FAE04EC0-301F-11D3-BF4B-00C04F79EFBC}") = "BibleApp.Droid", "BibleApp\BibleApp.Droid\BibleApp.Droid.csproj", "{EC632181-A5CB-4905-A969-995F8F8DCFE2}"
EndProject
Project("{FAE04EC0-301F-11D3-BF4B-00C04F79EFBC}") = "BibleApp.iOS", "BibleApp\BibleApp.iOS\BibleApp.iOS.csproj", "{E738BBE8-ACA1-41D3-8D3F-132FC8143CFE}"
EndProject
Project("{FAE04EC0-301F-11D3-BF4B-00C04F79EFBC}") = "BibleApp.WinPhone", "BibleApp\BibleApp.WinPhone\BibleApp.WinPhone.csproj", "{BACA6A6E-5E15-4D56-B649-057B25896FDD}"
EndProject
Project("{FAE04EC0-301F-11D3-BF4B-00C04F79EFBC}") = "BibleApp.UWP", "BibleApp\BibleApp.UWP\BibleApp.UWP.csproj", "{9E86BAA5-99EE-4C91-8CFC-CDDA2DD0159A}"
EndProject
Project("{FAE04EC0-301F-11D3-BF4B-00C04F79EFBC}") = "BibleApp.Windows", "BibleApp\BibleApp.Windows\BibleApp.Windows.csproj", "{7888D876-B0AA-4205-BFC0-C2D5559D4688}"
EndProject
Project("{FAE04EC0-301F-11D3-BF4B-00C04F79EFBC}") = "BibleLibrary", "BibleLibrary\BibleLibrary.csproj", "{67F9D3A8-F71E-4428-913F-C37AE82CDB24}"
EndProject
Global
	GlobalSection(SolutionConfigurationPlatforms) = preSolution
		Ad-Hoc|Any CPU = Ad-Hoc|Any CPU
		Ad-Hoc|ARM = Ad-Hoc|ARM
		Ad-Hoc|iPhone = Ad-Hoc|iPhone
		Ad-Hoc|iPhoneSimulator = Ad-Hoc|iPhoneSimulator
		Ad-Hoc|x64 = Ad-Hoc|x64
		Ad-Hoc|x86 = Ad-Hoc|x86
		AppStore|Any CPU = AppStore|Any CPU
		AppStore|ARM = AppStore|ARM
		AppStore|iPhone = AppStore|iPhone
		AppStore|iPhoneSimulator = AppStore|iPhoneSimulator
		AppStore|x64 = AppStore|x64
		AppStore|x86 = AppStore|x86
		Debug|Any CPU = Debug|Any CPU
		Debug|ARM = Debug|ARM
		Debug|iPhone = Debug|iPhone
		Debug|iPhoneSimulator = Debug|iPhoneSimulator
		Debug|x64 = Debug|x64
		Debug|x86 = Debug|x86
		Release|Any CPU = Release|Any CPU
		Release|ARM = Release|ARM
		Release|iPhone = Release|iPhone
		Release|iPhoneSimulator = Release|iPhoneSimulator
		Release|x64 = Release|x64
		Release|x86 = Release|x86
	EndGlobalSection
	GlobalSection(ProjectConfigurationPlatforms) = postSolution
		{DEBB4C4A-BBF2-45CD-B08E-283CC13EAFB2}.Ad-Hoc|Any CPU.ActiveCfg = Release|Any CPU
		{DEBB4C4A-BBF2-45CD-B08E-283CC13EAFB2}.Ad-Hoc|Any CPU.Build.0 = Release|Any CPU
		{DEBB4C4A-BBF2-45CD-B08E-283CC13EAFB2}.Ad-Hoc|ARM.ActiveCfg = Release|Any CPU
		{DEBB4C4A-BBF2-45CD-B08E-283CC13EAFB2}.Ad-Hoc|ARM.Build.0 = Release|Any CPU
		{DEBB4C4A-BBF2-45CD-B08E-283CC13EAFB2}.Ad-Hoc|iPhone.ActiveCfg = Release|Any CPU
		{DEBB4C4A-BBF2-45CD-B08E-283CC13EAFB2}.Ad-Hoc|iPhone.Build.0 = Release|Any CPU
		{DEBB4C4A-BBF2-45CD-B08E-283CC13EAFB2}.Ad-Hoc|iPhoneSimulator.ActiveCfg = Release|Any CPU
		{DEBB4C4A-BBF2-45CD-B08E-283CC13EAFB2}.Ad-Hoc|iPhoneSimulator.Build.0 = Release|Any CPU
		{DEBB4C4A-BBF2-45CD-B08E-283CC13EAFB2}.Ad-Hoc|x64.ActiveCfg = Release|Any CPU
		{DEBB4C4A-BBF2-45CD-B08E-283CC13EAFB2}.Ad-Hoc|x64.Build.0 = Release|Any CPU
		{DEBB4C4A-BBF2-45CD-B08E-283CC13EAFB2}.Ad-Hoc|x86.ActiveCfg = Release|Any CPU
		{DEBB4C4A-BBF2-45CD-B08E-283CC13EAFB2}.Ad-Hoc|x86.Build.0 = Release|Any CPU
		{DEBB4C4A-BBF2-45CD-B08E-283CC13EAFB2}.AppStore|Any CPU.ActiveCfg = Release|Any CPU
		{DEBB4C4A-BBF2-45CD-B08E-283CC13EAFB2}.AppStore|Any CPU.Build.0 = Release|Any CPU
		{DEBB4C4A-BBF2-45CD-B08E-283CC13EAFB2}.AppStore|ARM.ActiveCfg = Release|Any CPU
		{DEBB4C4A-BBF2-45CD-B08E-283CC13EAFB2}.AppStore|ARM.Build.0 = Release|Any CPU
		{DEBB4C4A-BBF2-45CD-B08E-283CC13EAFB2}.AppStore|iPhone.ActiveCfg = Release|Any CPU
		{DEBB4C4A-BBF2-45CD-B08E-283CC13EAFB2}.AppStore|iPhone.Build.0 = Release|Any CPU
		{DEBB4C4A-BBF2-45CD-B08E-283CC13EAFB2}.AppStore|iPhoneSimulator.ActiveCfg = Release|Any CPU
		{DEBB4C4A-BBF2-45CD-B08E-283CC13EAFB2}.AppStore|iPhoneSimulator.Build.0 = Release|Any CPU
		{DEBB4C4A-BBF2-45CD-B08E-283CC13EAFB2}.AppStore|x64.ActiveCfg = Release|Any CPU
		{DEBB4C4A-BBF2-45CD-B08E-283CC13EAFB2}.AppStore|x64.Build.0 = Release|Any CPU
		{DEBB4C4A-BBF2-45CD-B08E-283CC13EAFB2}.AppStore|x86.ActiveCfg = Release|Any CPU
		{DEBB4C4A-BBF2-45CD-B08E-283CC13EAFB2}.AppStore|x86.Build.0 = Release|Any CPU
		{DEBB4C4A-BBF2-45CD-B08E-283CC13EAFB2}.Debug|Any CPU.ActiveCfg = Debug|Any CPU
		{DEBB4C4A-BBF2-45CD-B08E-283CC13EAFB2}.Debug|Any CPU.Build.0 = Debug|Any CPU
		{DEBB4C4A-BBF2-45CD-B08E-283CC13EAFB2}.Debug|ARM.ActiveCfg = Debug|Any CPU
		{DEBB4C4A-BBF2-45CD-B08E-283CC13EAFB2}.Debug|ARM.Build.0 = Debug|Any CPU
		{DEBB4C4A-BBF2-45CD-B08E-283CC13EAFB2}.Debug|iPhone.ActiveCfg = Debug|Any CPU
		{DEBB4C4A-BBF2-45CD-B08E-283CC13EAFB2}.Debug|iPhone.Build.0 = Debug|Any CPU
		{DEBB4C4A-BBF2-45CD-B08E-283CC13EAFB2}.Debug|iPhoneSimulator.ActiveCfg = Debug|Any CPU
		{DEBB4C4A-BBF2-45CD-B08E-283CC13EAFB2}.Debug|iPhoneSimulator.Build.0 = Debug|Any CPU
		{DEBB4C4A-BBF2-45CD-B08E-283CC13EAFB2}.Debug|x64.ActiveCfg = Debug|Any CPU
		{DEBB4C4A-BBF2-45CD-B08E-283CC13EAFB2}.Debug|x64.Build.0 = Debug|Any CPU
		{DEBB4C4A-BBF2-45CD-B08E-283CC13EAFB2}.Debug|x86.ActiveCfg = Debug|Any CPU
		{DEBB4C4A-BBF2-45CD-B08E-283CC13EAFB2}.Debug|x86.Build.0 = Debug|Any CPU
		{DEBB4C4A-BBF2-45CD-B08E-283CC13EAFB2}.Release|Any CPU.ActiveCfg = Release|Any CPU
		{DEBB4C4A-BBF2-45CD-B08E-283CC13EAFB2}.Release|Any CPU.Build.0 = Release|Any CPU
		{DEBB4C4A-BBF2-45CD-B08E-283CC13EAFB2}.Release|ARM.ActiveCfg = Release|Any CPU
		{DEBB4C4A-BBF2-45CD-B08E-283CC13EAFB2}.Release|ARM.Build.0 = Release|Any CPU
		{DEBB4C4A-BBF2-45CD-B08E-283CC13EAFB2}.Release|iPhone.ActiveCfg = Release|Any CPU
		{DEBB4C4A-BBF2-45CD-B08E-283CC13EAFB2}.Release|iPhone.Build.0 = Release|Any CPU
		{DEBB4C4A-BBF2-45CD-B08E-283CC13EAFB2}.Release|iPhoneSimulator.ActiveCfg = Release|Any CPU
		{DEBB4C4A-BBF2-45CD-B08E-283CC13EAFB2}.Release|iPhoneSimulator.Build.0 = Release|Any CPU
		{DEBB4C4A-BBF2-45CD-B08E-283CC13EAFB2}.Release|x64.ActiveCfg = Release|Any CPU
		{DEBB4C4A-BBF2-45CD-B08E-283CC13EAFB2}.Release|x64.Build.0 = Release|Any CPU
		{DEBB4C4A-BBF2-45CD-B08E-283CC13EAFB2}.Release|x86.ActiveCfg = Release|Any CPU
		{DEBB4C4A-BBF2-45CD-B08E-283CC13EAFB2}.Release|x86.Build.0 = Release|Any CPU
		{EC632181-A5CB-4905-A969-995F8F8DCFE2}.Ad-Hoc|Any CPU.ActiveCfg = Release|Any CPU
		{EC632181-A5CB-4905-A969-995F8F8DCFE2}.Ad-Hoc|Any CPU.Build.0 = Release|Any CPU
		{EC632181-A5CB-4905-A969-995F8F8DCFE2}.Ad-Hoc|Any CPU.Deploy.0 = Release|Any CPU
		{EC632181-A5CB-4905-A969-995F8F8DCFE2}.Ad-Hoc|ARM.ActiveCfg = Release|Any CPU
		{EC632181-A5CB-4905-A969-995F8F8DCFE2}.Ad-Hoc|ARM.Build.0 = Release|Any CPU
		{EC632181-A5CB-4905-A969-995F8F8DCFE2}.Ad-Hoc|ARM.Deploy.0 = Release|Any CPU
		{EC632181-A5CB-4905-A969-995F8F8DCFE2}.Ad-Hoc|iPhone.ActiveCfg = Release|Any CPU
		{EC632181-A5CB-4905-A969-995F8F8DCFE2}.Ad-Hoc|iPhone.Build.0 = Release|Any CPU
		{EC632181-A5CB-4905-A969-995F8F8DCFE2}.Ad-Hoc|iPhone.Deploy.0 = Release|Any CPU
		{EC632181-A5CB-4905-A969-995F8F8DCFE2}.Ad-Hoc|iPhoneSimulator.ActiveCfg = Release|Any CPU
		{EC632181-A5CB-4905-A969-995F8F8DCFE2}.Ad-Hoc|iPhoneSimulator.Build.0 = Release|Any CPU
		{EC632181-A5CB-4905-A969-995F8F8DCFE2}.Ad-Hoc|iPhoneSimulator.Deploy.0 = Release|Any CPU
		{EC632181-A5CB-4905-A969-995F8F8DCFE2}.Ad-Hoc|x64.ActiveCfg = Release|Any CPU
		{EC632181-A5CB-4905-A969-995F8F8DCFE2}.Ad-Hoc|x64.Build.0 = Release|Any CPU
		{EC632181-A5CB-4905-A969-995F8F8DCFE2}.Ad-Hoc|x64.Deploy.0 = Release|Any CPU
		{EC632181-A5CB-4905-A969-995F8F8DCFE2}.Ad-Hoc|x86.ActiveCfg = Release|Any CPU
		{EC632181-A5CB-4905-A969-995F8F8DCFE2}.Ad-Hoc|x86.Build.0 = Release|Any CPU
		{EC632181-A5CB-4905-A969-995F8F8DCFE2}.Ad-Hoc|x86.Deploy.0 = Release|Any CPU
		{EC632181-A5CB-4905-A969-995F8F8DCFE2}.AppStore|Any CPU.ActiveCfg = Release|Any CPU
		{EC632181-A5CB-4905-A969-995F8F8DCFE2}.AppStore|Any CPU.Build.0 = Release|Any CPU
		{EC632181-A5CB-4905-A969-995F8F8DCFE2}.AppStore|Any CPU.Deploy.0 = Release|Any CPU
		{EC632181-A5CB-4905-A969-995F8F8DCFE2}.AppStore|ARM.ActiveCfg = Release|Any CPU
		{EC632181-A5CB-4905-A969-995F8F8DCFE2}.AppStore|ARM.Build.0 = Release|Any CPU
		{EC632181-A5CB-4905-A969-995F8F8DCFE2}.AppStore|ARM.Deploy.0 = Release|Any CPU
		{EC632181-A5CB-4905-A969-995F8F8DCFE2}.AppStore|iPhone.ActiveCfg = Release|Any CPU
		{EC632181-A5CB-4905-A969-995F8F8DCFE2}.AppStore|iPhone.Build.0 = Release|Any CPU
		{EC632181-A5CB-4905-A969-995F8F8DCFE2}.AppStore|iPhone.Deploy.0 = Release|Any CPU
		{EC632181-A5CB-4905-A969-995F8F8DCFE2}.AppStore|iPhoneSimulator.ActiveCfg = Release|Any CPU
		{EC632181-A5CB-4905-A969-995F8F8DCFE2}.AppStore|iPhoneSimulator.Build.0 = Release|Any CPU
		{EC632181-A5CB-4905-A969-995F8F8DCFE2}.AppStore|iPhoneSimulator.Deploy.0 = Release|Any CPU
		{EC632181-A5CB-4905-A969-995F8F8DCFE2}.AppStore|x64.ActiveCfg = Release|Any CPU
		{EC632181-A5CB-4905-A969-995F8F8DCFE2}.AppStore|x64.Build.0 = Release|Any CPU
		{EC632181-A5CB-4905-A969-995F8F8DCFE2}.AppStore|x64.Deploy.0 = Release|Any CPU
		{EC632181-A5CB-4905-A969-995F8F8DCFE2}.AppStore|x86.ActiveCfg = Release|Any CPU
		{EC632181-A5CB-4905-A969-995F8F8DCFE2}.AppStore|x86.Build.0 = Release|Any CPU
		{EC632181-A5CB-4905-A969-995F8F8DCFE2}.AppStore|x86.Deploy.0 = Release|Any CPU
		{EC632181-A5CB-4905-A969-995F8F8DCFE2}.Debug|Any CPU.ActiveCfg = Debug|Any CPU
		{EC632181-A5CB-4905-A969-995F8F8DCFE2}.Debug|Any CPU.Build.0 = Debug|Any CPU
		{EC632181-A5CB-4905-A969-995F8F8DCFE2}.Debug|Any CPU.Deploy.0 = Debug|Any CPU
		{EC632181-A5CB-4905-A969-995F8F8DCFE2}.Debug|ARM.ActiveCfg = Debug|Any CPU
		{EC632181-A5CB-4905-A969-995F8F8DCFE2}.Debug|ARM.Build.0 = Debug|Any CPU
		{EC632181-A5CB-4905-A969-995F8F8DCFE2}.Debug|ARM.Deploy.0 = Debug|Any CPU
		{EC632181-A5CB-4905-A969-995F8F8DCFE2}.Debug|iPhone.ActiveCfg = Debug|Any CPU
		{EC632181-A5CB-4905-A969-995F8F8DCFE2}.Debug|iPhone.Build.0 = Debug|Any CPU
		{EC632181-A5CB-4905-A969-995F8F8DCFE2}.Debug|iPhone.Deploy.0 = Debug|Any CPU
		{EC632181-A5CB-4905-A969-995F8F8DCFE2}.Debug|iPhoneSimulator.ActiveCfg = Debug|Any CPU
		{EC632181-A5CB-4905-A969-995F8F8DCFE2}.Debug|iPhoneSimulator.Build.0 = Debug|Any CPU
		{EC632181-A5CB-4905-A969-995F8F8DCFE2}.Debug|iPhoneSimulator.Deploy.0 = Debug|Any CPU
		{EC632181-A5CB-4905-A969-995F8F8DCFE2}.Debug|x64.ActiveCfg = Debug|Any CPU
		{EC632181-A5CB-4905-A969-995F8F8DCFE2}.Debug|x64.Build.0 = Debug|Any CPU
		{EC632181-A5CB-4905-A969-995F8F8DCFE2}.Debug|x64.Deploy.0 = Debug|Any CPU
		{EC632181-A5CB-4905-A969-995F8F8DCFE2}.Debug|x86.ActiveCfg = Debug|Any CPU
		{EC632181-A5CB-4905-A969-995F8F8DCFE2}.Debug|x86.Build.0 = Debug|Any CPU
		{EC632181-A5CB-4905-A969-995F8F8DCFE2}.Debug|x86.Deploy.0 = Debug|Any CPU
		{EC632181-A5CB-4905-A969-995F8F8DCFE2}.Release|Any CPU.ActiveCfg = Release|Any CPU
		{EC632181-A5CB-4905-A969-995F8F8DCFE2}.Release|Any CPU.Build.0 = Release|Any CPU
		{EC632181-A5CB-4905-A969-995F8F8DCFE2}.Release|Any CPU.Deploy.0 = Release|Any CPU
		{EC632181-A5CB-4905-A969-995F8F8DCFE2}.Release|ARM.ActiveCfg = Release|Any CPU
		{EC632181-A5CB-4905-A969-995F8F8DCFE2}.Release|ARM.Build.0 = Release|Any CPU
		{EC632181-A5CB-4905-A969-995F8F8DCFE2}.Release|ARM.Deploy.0 = Release|Any CPU
		{EC632181-A5CB-4905-A969-995F8F8DCFE2}.Release|iPhone.ActiveCfg = Release|Any CPU
		{EC632181-A5CB-4905-A969-995F8F8DCFE2}.Release|iPhone.Build.0 = Release|Any CPU
		{EC632181-A5CB-4905-A969-995F8F8DCFE2}.Release|iPhone.Deploy.0 = Release|Any CPU
		{EC632181-A5CB-4905-A969-995F8F8DCFE2}.Release|iPhoneSimulator.ActiveCfg = Release|Any CPU
		{EC632181-A5CB-4905-A969-995F8F8DCFE2}.Release|iPhoneSimulator.Build.0 = Release|Any CPU
		{EC632181-A5CB-4905-A969-995F8F8DCFE2}.Release|iPhoneSimulator.Deploy.0 = Release|Any CPU
		{EC632181-A5CB-4905-A969-995F8F8DCFE2}.Release|x64.ActiveCfg = Release|Any CPU
		{EC632181-A5CB-4905-A969-995F8F8DCFE2}.Release|x64.Build.0 = Release|Any CPU
		{EC632181-A5CB-4905-A969-995F8F8DCFE2}.Release|x64.Deploy.0 = Release|Any CPU
		{EC632181-A5CB-4905-A969-995F8F8DCFE2}.Release|x86.ActiveCfg = Release|Any CPU
		{EC632181-A5CB-4905-A969-995F8F8DCFE2}.Release|x86.Build.0 = Release|Any CPU
		{EC632181-A5CB-4905-A969-995F8F8DCFE2}.Release|x86.Deploy.0 = Release|Any CPU
		{E738BBE8-ACA1-41D3-8D3F-132FC8143CFE}.Ad-Hoc|Any CPU.ActiveCfg = Ad-Hoc|iPhone
		{E738BBE8-ACA1-41D3-8D3F-132FC8143CFE}.Ad-Hoc|ARM.ActiveCfg = Ad-Hoc|iPhone
		{E738BBE8-ACA1-41D3-8D3F-132FC8143CFE}.Ad-Hoc|iPhone.ActiveCfg = Ad-Hoc|iPhone
		{E738BBE8-ACA1-41D3-8D3F-132FC8143CFE}.Ad-Hoc|iPhone.Build.0 = Ad-Hoc|iPhone
		{E738BBE8-ACA1-41D3-8D3F-132FC8143CFE}.Ad-Hoc|iPhoneSimulator.ActiveCfg = Ad-Hoc|iPhoneSimulator
		{E738BBE8-ACA1-41D3-8D3F-132FC8143CFE}.Ad-Hoc|iPhoneSimulator.Build.0 = Ad-Hoc|iPhoneSimulator
		{E738BBE8-ACA1-41D3-8D3F-132FC8143CFE}.Ad-Hoc|x64.ActiveCfg = Ad-Hoc|iPhone
		{E738BBE8-ACA1-41D3-8D3F-132FC8143CFE}.Ad-Hoc|x86.ActiveCfg = Ad-Hoc|iPhone
		{E738BBE8-ACA1-41D3-8D3F-132FC8143CFE}.AppStore|Any CPU.ActiveCfg = AppStore|iPhone
		{E738BBE8-ACA1-41D3-8D3F-132FC8143CFE}.AppStore|ARM.ActiveCfg = AppStore|iPhone
		{E738BBE8-ACA1-41D3-8D3F-132FC8143CFE}.AppStore|iPhone.ActiveCfg = AppStore|iPhone
		{E738BBE8-ACA1-41D3-8D3F-132FC8143CFE}.AppStore|iPhone.Build.0 = AppStore|iPhone
		{E738BBE8-ACA1-41D3-8D3F-132FC8143CFE}.AppStore|iPhoneSimulator.ActiveCfg = AppStore|iPhoneSimulator
		{E738BBE8-ACA1-41D3-8D3F-132FC8143CFE}.AppStore|iPhoneSimulator.Build.0 = AppStore|iPhoneSimulator
		{E738BBE8-ACA1-41D3-8D3F-132FC8143CFE}.AppStore|x64.ActiveCfg = AppStore|iPhone
		{E738BBE8-ACA1-41D3-8D3F-132FC8143CFE}.AppStore|x86.ActiveCfg = AppStore|iPhone
		{E738BBE8-ACA1-41D3-8D3F-132FC8143CFE}.Debug|Any CPU.ActiveCfg = Debug|iPhone
		{E738BBE8-ACA1-41D3-8D3F-132FC8143CFE}.Debug|ARM.ActiveCfg = Debug|iPhone
		{E738BBE8-ACA1-41D3-8D3F-132FC8143CFE}.Debug|iPhone.ActiveCfg = Debug|iPhone
		{E738BBE8-ACA1-41D3-8D3F-132FC8143CFE}.Debug|iPhoneSimulator.ActiveCfg = Debug|iPhoneSimulator
		{E738BBE8-ACA1-41D3-8D3F-132FC8143CFE}.Debug|iPhoneSimulator.Build.0 = Debug|iPhoneSimulator
		{E738BBE8-ACA1-41D3-8D3F-132FC8143CFE}.Debug|x64.ActiveCfg = Debug|iPhone
		{E738BBE8-ACA1-41D3-8D3F-132FC8143CFE}.Debug|x86.ActiveCfg = Debug|iPhone
		{E738BBE8-ACA1-41D3-8D3F-132FC8143CFE}.Release|Any CPU.ActiveCfg = Release|iPhone
		{E738BBE8-ACA1-41D3-8D3F-132FC8143CFE}.Release|ARM.ActiveCfg = Release|iPhone
		{E738BBE8-ACA1-41D3-8D3F-132FC8143CFE}.Release|iPhone.ActiveCfg = Release|iPhone
		{E738BBE8-ACA1-41D3-8D3F-132FC8143CFE}.Release|iPhone.Build.0 = Release|iPhone
		{E738BBE8-ACA1-41D3-8D3F-132FC8143CFE}.Release|iPhoneSimulator.ActiveCfg = Release|iPhoneSimulator
		{E738BBE8-ACA1-41D3-8D3F-132FC8143CFE}.Release|iPhoneSimulator.Build.0 = Release|iPhoneSimulator
		{E738BBE8-ACA1-41D3-8D3F-132FC8143CFE}.Release|x64.ActiveCfg = Release|iPhone
		{E738BBE8-ACA1-41D3-8D3F-132FC8143CFE}.Release|x86.ActiveCfg = Release|iPhone
		{BACA6A6E-5E15-4D56-B649-057B25896FDD}.Ad-Hoc|Any CPU.ActiveCfg = Release|Any CPU
		{BACA6A6E-5E15-4D56-B649-057B25896FDD}.Ad-Hoc|Any CPU.Build.0 = Release|Any CPU
		{BACA6A6E-5E15-4D56-B649-057B25896FDD}.Ad-Hoc|Any CPU.Deploy.0 = Release|Any CPU
		{BACA6A6E-5E15-4D56-B649-057B25896FDD}.Ad-Hoc|ARM.ActiveCfg = Release|ARM
		{BACA6A6E-5E15-4D56-B649-057B25896FDD}.Ad-Hoc|ARM.Build.0 = Release|ARM
		{BACA6A6E-5E15-4D56-B649-057B25896FDD}.Ad-Hoc|ARM.Deploy.0 = Release|ARM
		{BACA6A6E-5E15-4D56-B649-057B25896FDD}.Ad-Hoc|iPhone.ActiveCfg = Release|Any CPU
		{BACA6A6E-5E15-4D56-B649-057B25896FDD}.Ad-Hoc|iPhone.Build.0 = Release|Any CPU
		{BACA6A6E-5E15-4D56-B649-057B25896FDD}.Ad-Hoc|iPhone.Deploy.0 = Release|Any CPU
		{BACA6A6E-5E15-4D56-B649-057B25896FDD}.Ad-Hoc|iPhoneSimulator.ActiveCfg = Release|Any CPU
		{BACA6A6E-5E15-4D56-B649-057B25896FDD}.Ad-Hoc|iPhoneSimulator.Build.0 = Release|Any CPU
		{BACA6A6E-5E15-4D56-B649-057B25896FDD}.Ad-Hoc|iPhoneSimulator.Deploy.0 = Release|Any CPU
		{BACA6A6E-5E15-4D56-B649-057B25896FDD}.Ad-Hoc|x64.ActiveCfg = Release|Any CPU
		{BACA6A6E-5E15-4D56-B649-057B25896FDD}.Ad-Hoc|x64.Build.0 = Release|Any CPU
		{BACA6A6E-5E15-4D56-B649-057B25896FDD}.Ad-Hoc|x64.Deploy.0 = Release|Any CPU
		{BACA6A6E-5E15-4D56-B649-057B25896FDD}.Ad-Hoc|x86.ActiveCfg = Release|x86
		{BACA6A6E-5E15-4D56-B649-057B25896FDD}.Ad-Hoc|x86.Build.0 = Release|x86
		{BACA6A6E-5E15-4D56-B649-057B25896FDD}.Ad-Hoc|x86.Deploy.0 = Release|x86
		{BACA6A6E-5E15-4D56-B649-057B25896FDD}.AppStore|Any CPU.ActiveCfg = Release|Any CPU
		{BACA6A6E-5E15-4D56-B649-057B25896FDD}.AppStore|Any CPU.Build.0 = Release|Any CPU
		{BACA6A6E-5E15-4D56-B649-057B25896FDD}.AppStore|Any CPU.Deploy.0 = Release|Any CPU
		{BACA6A6E-5E15-4D56-B649-057B25896FDD}.AppStore|ARM.ActiveCfg = Release|ARM
		{BACA6A6E-5E15-4D56-B649-057B25896FDD}.AppStore|ARM.Build.0 = Release|ARM
		{BACA6A6E-5E15-4D56-B649-057B25896FDD}.AppStore|ARM.Deploy.0 = Release|ARM
		{BACA6A6E-5E15-4D56-B649-057B25896FDD}.AppStore|iPhone.ActiveCfg = Release|Any CPU
		{BACA6A6E-5E15-4D56-B649-057B25896FDD}.AppStore|iPhone.Build.0 = Release|Any CPU
		{BACA6A6E-5E15-4D56-B649-057B25896FDD}.AppStore|iPhone.Deploy.0 = Release|Any CPU
		{BACA6A6E-5E15-4D56-B649-057B25896FDD}.AppStore|iPhoneSimulator.ActiveCfg = Release|Any CPU
		{BACA6A6E-5E15-4D56-B649-057B25896FDD}.AppStore|iPhoneSimulator.Build.0 = Release|Any CPU
		{BACA6A6E-5E15-4D56-B649-057B25896FDD}.AppStore|iPhoneSimulator.Deploy.0 = Release|Any CPU
		{BACA6A6E-5E15-4D56-B649-057B25896FDD}.AppStore|x64.ActiveCfg = Release|Any CPU
		{BACA6A6E-5E15-4D56-B649-057B25896FDD}.AppStore|x64.Build.0 = Release|Any CPU
		{BACA6A6E-5E15-4D56-B649-057B25896FDD}.AppStore|x64.Deploy.0 = Release|Any CPU
		{BACA6A6E-5E15-4D56-B649-057B25896FDD}.AppStore|x86.ActiveCfg = Release|x86
		{BACA6A6E-5E15-4D56-B649-057B25896FDD}.AppStore|x86.Build.0 = Release|x86
		{BACA6A6E-5E15-4D56-B649-057B25896FDD}.AppStore|x86.Deploy.0 = Release|x86
		{BACA6A6E-5E15-4D56-B649-057B25896FDD}.Debug|Any CPU.ActiveCfg = Debug|Any CPU
		{BACA6A6E-5E15-4D56-B649-057B25896FDD}.Debug|Any CPU.Build.0 = Debug|Any CPU
		{BACA6A6E-5E15-4D56-B649-057B25896FDD}.Debug|Any CPU.Deploy.0 = Debug|Any CPU
		{BACA6A6E-5E15-4D56-B649-057B25896FDD}.Debug|ARM.ActiveCfg = Debug|ARM
		{BACA6A6E-5E15-4D56-B649-057B25896FDD}.Debug|ARM.Build.0 = Debug|ARM
		{BACA6A6E-5E15-4D56-B649-057B25896FDD}.Debug|ARM.Deploy.0 = Debug|ARM
		{BACA6A6E-5E15-4D56-B649-057B25896FDD}.Debug|iPhone.ActiveCfg = Debug|Any CPU
		{BACA6A6E-5E15-4D56-B649-057B25896FDD}.Debug|iPhoneSimulator.ActiveCfg = Debug|Any CPU
		{BACA6A6E-5E15-4D56-B649-057B25896FDD}.Debug|iPhoneSimulator.Build.0 = Debug|Any CPU
		{BACA6A6E-5E15-4D56-B649-057B25896FDD}.Debug|iPhoneSimulator.Deploy.0 = Debug|Any CPU
		{BACA6A6E-5E15-4D56-B649-057B25896FDD}.Debug|x64.ActiveCfg = Debug|Any CPU
		{BACA6A6E-5E15-4D56-B649-057B25896FDD}.Debug|x64.Build.0 = Debug|Any CPU
		{BACA6A6E-5E15-4D56-B649-057B25896FDD}.Debug|x64.Deploy.0 = Debug|Any CPU
		{BACA6A6E-5E15-4D56-B649-057B25896FDD}.Debug|x86.ActiveCfg = Debug|x86
		{BACA6A6E-5E15-4D56-B649-057B25896FDD}.Debug|x86.Build.0 = Debug|x86
		{BACA6A6E-5E15-4D56-B649-057B25896FDD}.Debug|x86.Deploy.0 = Debug|x86
		{BACA6A6E-5E15-4D56-B649-057B25896FDD}.Release|Any CPU.ActiveCfg = Release|Any CPU
		{BACA6A6E-5E15-4D56-B649-057B25896FDD}.Release|Any CPU.Build.0 = Release|Any CPU
		{BACA6A6E-5E15-4D56-B649-057B25896FDD}.Release|Any CPU.Deploy.0 = Release|Any CPU
		{BACA6A6E-5E15-4D56-B649-057B25896FDD}.Release|ARM.ActiveCfg = Release|ARM
		{BACA6A6E-5E15-4D56-B649-057B25896FDD}.Release|ARM.Build.0 = Release|ARM
		{BACA6A6E-5E15-4D56-B649-057B25896FDD}.Release|ARM.Deploy.0 = Release|ARM
		{BACA6A6E-5E15-4D56-B649-057B25896FDD}.Release|iPhone.ActiveCfg = Release|Any CPU
		{BACA6A6E-5E15-4D56-B649-057B25896FDD}.Release|iPhone.Build.0 = Release|Any CPU
		{BACA6A6E-5E15-4D56-B649-057B25896FDD}.Release|iPhone.Deploy.0 = Release|Any CPU
		{BACA6A6E-5E15-4D56-B649-057B25896FDD}.Release|iPhoneSimulator.ActiveCfg = Release|Any CPU
		{BACA6A6E-5E15-4D56-B649-057B25896FDD}.Release|iPhoneSimulator.Build.0 = Release|Any CPU
		{BACA6A6E-5E15-4D56-B649-057B25896FDD}.Release|iPhoneSimulator.Deploy.0 = Release|Any CPU
		{BACA6A6E-5E15-4D56-B649-057B25896FDD}.Release|x64.ActiveCfg = Release|Any CPU
		{BACA6A6E-5E15-4D56-B649-057B25896FDD}.Release|x64.Build.0 = Release|Any CPU
		{BACA6A6E-5E15-4D56-B649-057B25896FDD}.Release|x64.Deploy.0 = Release|Any CPU
		{BACA6A6E-5E15-4D56-B649-057B25896FDD}.Release|x86.ActiveCfg = Release|x86
		{BACA6A6E-5E15-4D56-B649-057B25896FDD}.Release|x86.Build.0 = Release|x86
		{BACA6A6E-5E15-4D56-B649-057B25896FDD}.Release|x86.Deploy.0 = Release|x86
		{9E86BAA5-99EE-4C91-8CFC-CDDA2DD0159A}.Ad-Hoc|Any CPU.ActiveCfg = Release|x86
		{9E86BAA5-99EE-4C91-8CFC-CDDA2DD0159A}.Ad-Hoc|Any CPU.Build.0 = Release|x86
		{9E86BAA5-99EE-4C91-8CFC-CDDA2DD0159A}.Ad-Hoc|Any CPU.Deploy.0 = Release|x86
		{9E86BAA5-99EE-4C91-8CFC-CDDA2DD0159A}.Ad-Hoc|ARM.ActiveCfg = Release|ARM
		{9E86BAA5-99EE-4C91-8CFC-CDDA2DD0159A}.Ad-Hoc|ARM.Build.0 = Release|ARM
		{9E86BAA5-99EE-4C91-8CFC-CDDA2DD0159A}.Ad-Hoc|ARM.Deploy.0 = Release|ARM
		{9E86BAA5-99EE-4C91-8CFC-CDDA2DD0159A}.Ad-Hoc|iPhone.ActiveCfg = Release|x86
		{9E86BAA5-99EE-4C91-8CFC-CDDA2DD0159A}.Ad-Hoc|iPhone.Build.0 = Release|x86
		{9E86BAA5-99EE-4C91-8CFC-CDDA2DD0159A}.Ad-Hoc|iPhone.Deploy.0 = Release|x86
		{9E86BAA5-99EE-4C91-8CFC-CDDA2DD0159A}.Ad-Hoc|iPhoneSimulator.ActiveCfg = Release|x86
		{9E86BAA5-99EE-4C91-8CFC-CDDA2DD0159A}.Ad-Hoc|iPhoneSimulator.Build.0 = Release|x86
		{9E86BAA5-99EE-4C91-8CFC-CDDA2DD0159A}.Ad-Hoc|iPhoneSimulator.Deploy.0 = Release|x86
		{9E86BAA5-99EE-4C91-8CFC-CDDA2DD0159A}.Ad-Hoc|x64.ActiveCfg = Release|x64
		{9E86BAA5-99EE-4C91-8CFC-CDDA2DD0159A}.Ad-Hoc|x64.Build.0 = Release|x64
		{9E86BAA5-99EE-4C91-8CFC-CDDA2DD0159A}.Ad-Hoc|x64.Deploy.0 = Release|x64
		{9E86BAA5-99EE-4C91-8CFC-CDDA2DD0159A}.Ad-Hoc|x86.ActiveCfg = Release|x86
		{9E86BAA5-99EE-4C91-8CFC-CDDA2DD0159A}.Ad-Hoc|x86.Build.0 = Release|x86
		{9E86BAA5-99EE-4C91-8CFC-CDDA2DD0159A}.Ad-Hoc|x86.Deploy.0 = Release|x86
		{9E86BAA5-99EE-4C91-8CFC-CDDA2DD0159A}.AppStore|Any CPU.ActiveCfg = Release|x86
		{9E86BAA5-99EE-4C91-8CFC-CDDA2DD0159A}.AppStore|Any CPU.Build.0 = Release|x86
		{9E86BAA5-99EE-4C91-8CFC-CDDA2DD0159A}.AppStore|Any CPU.Deploy.0 = Release|x86
		{9E86BAA5-99EE-4C91-8CFC-CDDA2DD0159A}.AppStore|ARM.ActiveCfg = Release|ARM
		{9E86BAA5-99EE-4C91-8CFC-CDDA2DD0159A}.AppStore|ARM.Build.0 = Release|ARM
		{9E86BAA5-99EE-4C91-8CFC-CDDA2DD0159A}.AppStore|ARM.Deploy.0 = Release|ARM
		{9E86BAA5-99EE-4C91-8CFC-CDDA2DD0159A}.AppStore|iPhone.ActiveCfg = Release|x86
		{9E86BAA5-99EE-4C91-8CFC-CDDA2DD0159A}.AppStore|iPhone.Build.0 = Release|x86
		{9E86BAA5-99EE-4C91-8CFC-CDDA2DD0159A}.AppStore|iPhone.Deploy.0 = Release|x86
		{9E86BAA5-99EE-4C91-8CFC-CDDA2DD0159A}.AppStore|iPhoneSimulator.ActiveCfg = Release|x86
		{9E86BAA5-99EE-4C91-8CFC-CDDA2DD0159A}.AppStore|iPhoneSimulator.Build.0 = Release|x86
		{9E86BAA5-99EE-4C91-8CFC-CDDA2DD0159A}.AppStore|iPhoneSimulator.Deploy.0 = Release|x86
		{9E86BAA5-99EE-4C91-8CFC-CDDA2DD0159A}.AppStore|x64.ActiveCfg = Release|x64
		{9E86BAA5-99EE-4C91-8CFC-CDDA2DD0159A}.AppStore|x64.Build.0 = Release|x64
		{9E86BAA5-99EE-4C91-8CFC-CDDA2DD0159A}.AppStore|x64.Deploy.0 = Release|x64
		{9E86BAA5-99EE-4C91-8CFC-CDDA2DD0159A}.AppStore|x86.ActiveCfg = Release|x86
		{9E86BAA5-99EE-4C91-8CFC-CDDA2DD0159A}.AppStore|x86.Build.0 = Release|x86
		{9E86BAA5-99EE-4C91-8CFC-CDDA2DD0159A}.AppStore|x86.Deploy.0 = Release|x86
		{9E86BAA5-99EE-4C91-8CFC-CDDA2DD0159A}.Debug|Any CPU.ActiveCfg = Debug|x86
		{9E86BAA5-99EE-4C91-8CFC-CDDA2DD0159A}.Debug|ARM.ActiveCfg = Debug|ARM
		{9E86BAA5-99EE-4C91-8CFC-CDDA2DD0159A}.Debug|ARM.Build.0 = Debug|ARM
		{9E86BAA5-99EE-4C91-8CFC-CDDA2DD0159A}.Debug|ARM.Deploy.0 = Debug|ARM
		{9E86BAA5-99EE-4C91-8CFC-CDDA2DD0159A}.Debug|iPhone.ActiveCfg = Debug|x86
		{9E86BAA5-99EE-4C91-8CFC-CDDA2DD0159A}.Debug|iPhone.Build.0 = Debug|x86
		{9E86BAA5-99EE-4C91-8CFC-CDDA2DD0159A}.Debug|iPhone.Deploy.0 = Debug|x86
		{9E86BAA5-99EE-4C91-8CFC-CDDA2DD0159A}.Debug|iPhoneSimulator.ActiveCfg = Debug|x86
		{9E86BAA5-99EE-4C91-8CFC-CDDA2DD0159A}.Debug|x64.ActiveCfg = Debug|x64
		{9E86BAA5-99EE-4C91-8CFC-CDDA2DD0159A}.Debug|x64.Build.0 = Debug|x64
		{9E86BAA5-99EE-4C91-8CFC-CDDA2DD0159A}.Debug|x64.Deploy.0 = Debug|x64
		{9E86BAA5-99EE-4C91-8CFC-CDDA2DD0159A}.Debug|x86.ActiveCfg = Debug|x86
		{9E86BAA5-99EE-4C91-8CFC-CDDA2DD0159A}.Debug|x86.Build.0 = Debug|x86
		{9E86BAA5-99EE-4C91-8CFC-CDDA2DD0159A}.Debug|x86.Deploy.0 = Debug|x86
		{9E86BAA5-99EE-4C91-8CFC-CDDA2DD0159A}.Release|Any CPU.ActiveCfg = Release|x86
		{9E86BAA5-99EE-4C91-8CFC-CDDA2DD0159A}.Release|ARM.ActiveCfg = Release|ARM
		{9E86BAA5-99EE-4C91-8CFC-CDDA2DD0159A}.Release|ARM.Build.0 = Release|ARM
		{9E86BAA5-99EE-4C91-8CFC-CDDA2DD0159A}.Release|ARM.Deploy.0 = Release|ARM
		{9E86BAA5-99EE-4C91-8CFC-CDDA2DD0159A}.Release|iPhone.ActiveCfg = Release|x86
		{9E86BAA5-99EE-4C91-8CFC-CDDA2DD0159A}.Release|iPhoneSimulator.ActiveCfg = Release|x86
		{9E86BAA5-99EE-4C91-8CFC-CDDA2DD0159A}.Release|x64.ActiveCfg = Release|x64
		{9E86BAA5-99EE-4C91-8CFC-CDDA2DD0159A}.Release|x64.Build.0 = Release|x64
		{9E86BAA5-99EE-4C91-8CFC-CDDA2DD0159A}.Release|x64.Deploy.0 = Release|x64
		{9E86BAA5-99EE-4C91-8CFC-CDDA2DD0159A}.Release|x86.ActiveCfg = Release|x86
		{9E86BAA5-99EE-4C91-8CFC-CDDA2DD0159A}.Release|x86.Build.0 = Release|x86
		{9E86BAA5-99EE-4C91-8CFC-CDDA2DD0159A}.Release|x86.Deploy.0 = Release|x86
		{7888D876-B0AA-4205-BFC0-C2D5559D4688}.Ad-Hoc|Any CPU.ActiveCfg = Release|Any CPU
		{7888D876-B0AA-4205-BFC0-C2D5559D4688}.Ad-Hoc|Any CPU.Build.0 = Release|Any CPU
		{7888D876-B0AA-4205-BFC0-C2D5559D4688}.Ad-Hoc|Any CPU.Deploy.0 = Release|Any CPU
		{7888D876-B0AA-4205-BFC0-C2D5559D4688}.Ad-Hoc|ARM.ActiveCfg = Release|ARM
		{7888D876-B0AA-4205-BFC0-C2D5559D4688}.Ad-Hoc|ARM.Build.0 = Release|ARM
		{7888D876-B0AA-4205-BFC0-C2D5559D4688}.Ad-Hoc|ARM.Deploy.0 = Release|ARM
		{7888D876-B0AA-4205-BFC0-C2D5559D4688}.Ad-Hoc|iPhone.ActiveCfg = Release|Any CPU
		{7888D876-B0AA-4205-BFC0-C2D5559D4688}.Ad-Hoc|iPhone.Build.0 = Release|Any CPU
		{7888D876-B0AA-4205-BFC0-C2D5559D4688}.Ad-Hoc|iPhone.Deploy.0 = Release|Any CPU
		{7888D876-B0AA-4205-BFC0-C2D5559D4688}.Ad-Hoc|iPhoneSimulator.ActiveCfg = Release|Any CPU
		{7888D876-B0AA-4205-BFC0-C2D5559D4688}.Ad-Hoc|iPhoneSimulator.Build.0 = Release|Any CPU
		{7888D876-B0AA-4205-BFC0-C2D5559D4688}.Ad-Hoc|iPhoneSimulator.Deploy.0 = Release|Any CPU
		{7888D876-B0AA-4205-BFC0-C2D5559D4688}.Ad-Hoc|x64.ActiveCfg = Release|x64
		{7888D876-B0AA-4205-BFC0-C2D5559D4688}.Ad-Hoc|x64.Build.0 = Release|x64
		{7888D876-B0AA-4205-BFC0-C2D5559D4688}.Ad-Hoc|x64.Deploy.0 = Release|x64
		{7888D876-B0AA-4205-BFC0-C2D5559D4688}.Ad-Hoc|x86.ActiveCfg = Release|x86
		{7888D876-B0AA-4205-BFC0-C2D5559D4688}.Ad-Hoc|x86.Build.0 = Release|x86
		{7888D876-B0AA-4205-BFC0-C2D5559D4688}.Ad-Hoc|x86.Deploy.0 = Release|x86
		{7888D876-B0AA-4205-BFC0-C2D5559D4688}.AppStore|Any CPU.ActiveCfg = Release|Any CPU
		{7888D876-B0AA-4205-BFC0-C2D5559D4688}.AppStore|Any CPU.Build.0 = Release|Any CPU
		{7888D876-B0AA-4205-BFC0-C2D5559D4688}.AppStore|Any CPU.Deploy.0 = Release|Any CPU
		{7888D876-B0AA-4205-BFC0-C2D5559D4688}.AppStore|ARM.ActiveCfg = Release|ARM
		{7888D876-B0AA-4205-BFC0-C2D5559D4688}.AppStore|ARM.Build.0 = Release|ARM
		{7888D876-B0AA-4205-BFC0-C2D5559D4688}.AppStore|ARM.Deploy.0 = Release|ARM
		{7888D876-B0AA-4205-BFC0-C2D5559D4688}.AppStore|iPhone.ActiveCfg = Release|Any CPU
		{7888D876-B0AA-4205-BFC0-C2D5559D4688}.AppStore|iPhone.Build.0 = Release|Any CPU
		{7888D876-B0AA-4205-BFC0-C2D5559D4688}.AppStore|iPhone.Deploy.0 = Release|Any CPU
		{7888D876-B0AA-4205-BFC0-C2D5559D4688}.AppStore|iPhoneSimulator.ActiveCfg = Release|Any CPU
		{7888D876-B0AA-4205-BFC0-C2D5559D4688}.AppStore|iPhoneSimulator.Build.0 = Release|Any CPU
		{7888D876-B0AA-4205-BFC0-C2D5559D4688}.AppStore|iPhoneSimulator.Deploy.0 = Release|Any CPU
		{7888D876-B0AA-4205-BFC0-C2D5559D4688}.AppStore|x64.ActiveCfg = Release|x64
		{7888D876-B0AA-4205-BFC0-C2D5559D4688}.AppStore|x64.Build.0 = Release|x64
		{7888D876-B0AA-4205-BFC0-C2D5559D4688}.AppStore|x64.Deploy.0 = Release|x64
		{7888D876-B0AA-4205-BFC0-C2D5559D4688}.AppStore|x86.ActiveCfg = Release|x86
		{7888D876-B0AA-4205-BFC0-C2D5559D4688}.AppStore|x86.Build.0 = Release|x86
		{7888D876-B0AA-4205-BFC0-C2D5559D4688}.AppStore|x86.Deploy.0 = Release|x86
		{7888D876-B0AA-4205-BFC0-C2D5559D4688}.Debug|Any CPU.ActiveCfg = Debug|Any CPU
		{7888D876-B0AA-4205-BFC0-C2D5559D4688}.Debug|Any CPU.Build.0 = Debug|Any CPU
		{7888D876-B0AA-4205-BFC0-C2D5559D4688}.Debug|Any CPU.Deploy.0 = Debug|Any CPU
		{7888D876-B0AA-4205-BFC0-C2D5559D4688}.Debug|ARM.ActiveCfg = Debug|ARM
		{7888D876-B0AA-4205-BFC0-C2D5559D4688}.Debug|ARM.Build.0 = Debug|ARM
		{7888D876-B0AA-4205-BFC0-C2D5559D4688}.Debug|ARM.Deploy.0 = Debug|ARM
		{7888D876-B0AA-4205-BFC0-C2D5559D4688}.Debug|iPhone.ActiveCfg = Debug|Any CPU
		{7888D876-B0AA-4205-BFC0-C2D5559D4688}.Debug|iPhoneSimulator.ActiveCfg = Debug|Any CPU
		{7888D876-B0AA-4205-BFC0-C2D5559D4688}.Debug|iPhoneSimulator.Build.0 = Debug|Any CPU
		{7888D876-B0AA-4205-BFC0-C2D5559D4688}.Debug|iPhoneSimulator.Deploy.0 = Debug|Any CPU
		{7888D876-B0AA-4205-BFC0-C2D5559D4688}.Debug|x64.ActiveCfg = Debug|x64
		{7888D876-B0AA-4205-BFC0-C2D5559D4688}.Debug|x64.Build.0 = Debug|x64
		{7888D876-B0AA-4205-BFC0-C2D5559D4688}.Debug|x64.Deploy.0 = Debug|x64
		{7888D876-B0AA-4205-BFC0-C2D5559D4688}.Debug|x86.ActiveCfg = Debug|x86
		{7888D876-B0AA-4205-BFC0-C2D5559D4688}.Debug|x86.Build.0 = Debug|x86
		{7888D876-B0AA-4205-BFC0-C2D5559D4688}.Debug|x86.Deploy.0 = Debug|x86
		{7888D876-B0AA-4205-BFC0-C2D5559D4688}.Release|Any CPU.ActiveCfg = Release|Any CPU
		{7888D876-B0AA-4205-BFC0-C2D5559D4688}.Release|Any CPU.Build.0 = Release|Any CPU
		{7888D876-B0AA-4205-BFC0-C2D5559D4688}.Release|Any CPU.Deploy.0 = Release|Any CPU
		{7888D876-B0AA-4205-BFC0-C2D5559D4688}.Release|ARM.ActiveCfg = Release|ARM
		{7888D876-B0AA-4205-BFC0-C2D5559D4688}.Release|ARM.Build.0 = Release|ARM
		{7888D876-B0AA-4205-BFC0-C2D5559D4688}.Release|ARM.Deploy.0 = Release|ARM
		{7888D876-B0AA-4205-BFC0-C2D5559D4688}.Release|iPhone.ActiveCfg = Release|Any CPU
		{7888D876-B0AA-4205-BFC0-C2D5559D4688}.Release|iPhone.Build.0 = Release|Any CPU
		{7888D876-B0AA-4205-BFC0-C2D5559D4688}.Release|iPhone.Deploy.0 = Release|Any CPU
		{7888D876-B0AA-4205-BFC0-C2D5559D4688}.Release|iPhoneSimulator.ActiveCfg = Release|Any CPU
		{7888D876-B0AA-4205-BFC0-C2D5559D4688}.Release|iPhoneSimulator.Build.0 = Release|Any CPU
		{7888D876-B0AA-4205-BFC0-C2D5559D4688}.Release|iPhoneSimulator.Deploy.0 = Release|Any CPU
		{7888D876-B0AA-4205-BFC0-C2D5559D4688}.Release|x64.ActiveCfg = Release|x64
		{7888D876-B0AA-4205-BFC0-C2D5559D4688}.Release|x64.Build.0 = Release|x64
		{7888D876-B0AA-4205-BFC0-C2D5559D4688}.Release|x64.Deploy.0 = Release|x64
		{7888D876-B0AA-4205-BFC0-C2D5559D4688}.Release|x86.ActiveCfg = Release|x86
		{7888D876-B0AA-4205-BFC0-C2D5559D4688}.Release|x86.Build.0 = Release|x86
		{7888D876-B0AA-4205-BFC0-C2D5559D4688}.Release|x86.Deploy.0 = Release|x86
		{67F9D3A8-F71E-4428-913F-C37AE82CDB24}.Ad-Hoc|Any CPU.ActiveCfg = Release|Any CPU
		{67F9D3A8-F71E-4428-913F-C37AE82CDB24}.Ad-Hoc|Any CPU.Build.0 = Release|Any CPU
		{67F9D3A8-F71E-4428-913F-C37AE82CDB24}.Ad-Hoc|ARM.ActiveCfg = Release|Any CPU
		{67F9D3A8-F71E-4428-913F-C37AE82CDB24}.Ad-Hoc|ARM.Build.0 = Release|Any CPU
		{67F9D3A8-F71E-4428-913F-C37AE82CDB24}.Ad-Hoc|iPhone.ActiveCfg = Release|Any CPU
		{67F9D3A8-F71E-4428-913F-C37AE82CDB24}.Ad-Hoc|iPhone.Build.0 = Release|Any CPU
		{67F9D3A8-F71E-4428-913F-C37AE82CDB24}.Ad-Hoc|iPhoneSimulator.ActiveCfg = Release|Any CPU
		{67F9D3A8-F71E-4428-913F-C37AE82CDB24}.Ad-Hoc|iPhoneSimulator.Build.0 = Release|Any CPU
		{67F9D3A8-F71E-4428-913F-C37AE82CDB24}.Ad-Hoc|x64.ActiveCfg = Release|Any CPU
		{67F9D3A8-F71E-4428-913F-C37AE82CDB24}.Ad-Hoc|x64.Build.0 = Release|Any CPU
		{67F9D3A8-F71E-4428-913F-C37AE82CDB24}.Ad-Hoc|x86.ActiveCfg = Release|Any CPU
		{67F9D3A8-F71E-4428-913F-C37AE82CDB24}.Ad-Hoc|x86.Build.0 = Release|Any CPU
		{67F9D3A8-F71E-4428-913F-C37AE82CDB24}.AppStore|Any CPU.ActiveCfg = Release|Any CPU
		{67F9D3A8-F71E-4428-913F-C37AE82CDB24}.AppStore|Any CPU.Build.0 = Release|Any CPU
		{67F9D3A8-F71E-4428-913F-C37AE82CDB24}.AppStore|ARM.ActiveCfg = Release|Any CPU
		{67F9D3A8-F71E-4428-913F-C37AE82CDB24}.AppStore|ARM.Build.0 = Release|Any CPU
		{67F9D3A8-F71E-4428-913F-C37AE82CDB24}.AppStore|iPhone.ActiveCfg = Release|Any CPU
		{67F9D3A8-F71E-4428-913F-C37AE82CDB24}.AppStore|iPhone.Build.0 = Release|Any CPU
		{67F9D3A8-F71E-4428-913F-C37AE82CDB24}.AppStore|iPhoneSimulator.ActiveCfg = Release|Any CPU
		{67F9D3A8-F71E-4428-913F-C37AE82CDB24}.AppStore|iPhoneSimulator.Build.0 = Release|Any CPU
		{67F9D3A8-F71E-4428-913F-C37AE82CDB24}.AppStore|x64.ActiveCfg = Release|Any CPU
		{67F9D3A8-F71E-4428-913F-C37AE82CDB24}.AppStore|x64.Build.0 = Release|Any CPU
		{67F9D3A8-F71E-4428-913F-C37AE82CDB24}.AppStore|x86.ActiveCfg = Release|Any CPU
		{67F9D3A8-F71E-4428-913F-C37AE82CDB24}.AppStore|x86.Build.0 = Release|Any CPU
		{67F9D3A8-F71E-4428-913F-C37AE82CDB24}.Debug|Any CPU.ActiveCfg = Debug|Any CPU
		{67F9D3A8-F71E-4428-913F-C37AE82CDB24}.Debug|Any CPU.Build.0 = Debug|Any CPU
		{67F9D3A8-F71E-4428-913F-C37AE82CDB24}.Debug|ARM.ActiveCfg = Debug|Any CPU
		{67F9D3A8-F71E-4428-913F-C37AE82CDB24}.Debug|ARM.Build.0 = Debug|Any CPU
		{67F9D3A8-F71E-4428-913F-C37AE82CDB24}.Debug|iPhone.ActiveCfg = Debug|Any CPU
		{67F9D3A8-F71E-4428-913F-C37AE82CDB24}.Debug|iPhone.Build.0 = Debug|Any CPU
		{67F9D3A8-F71E-4428-913F-C37AE82CDB24}.Debug|iPhoneSimulator.ActiveCfg = Debug|Any CPU
		{67F9D3A8-F71E-4428-913F-C37AE82CDB24}.Debug|iPhoneSimulator.Build.0 = Debug|Any CPU
		{67F9D3A8-F71E-4428-913F-C37AE82CDB24}.Debug|x64.ActiveCfg = Debug|Any CPU
		{67F9D3A8-F71E-4428-913F-C37AE82CDB24}.Debug|x64.Build.0 = Debug|Any CPU
		{67F9D3A8-F71E-4428-913F-C37AE82CDB24}.Debug|x86.ActiveCfg = Debug|Any CPU
		{67F9D3A8-F71E-4428-913F-C37AE82CDB24}.Debug|x86.Build.0 = Debug|Any CPU
		{67F9D3A8-F71E-4428-913F-C37AE82CDB24}.Release|Any CPU.ActiveCfg = Release|Any CPU
		{67F9D3A8-F71E-4428-913F-C37AE82CDB24}.Release|Any CPU.Build.0 = Release|Any CPU
		{67F9D3A8-F71E-4428-913F-C37AE82CDB24}.Release|ARM.ActiveCfg = Release|Any CPU
		{67F9D3A8-F71E-4428-913F-C37AE82CDB24}.Release|ARM.Build.0 = Release|Any CPU
		{67F9D3A8-F71E-4428-913F-C37AE82CDB24}.Release|iPhone.ActiveCfg = Release|Any CPU
		{67F9D3A8-F71E-4428-913F-C37AE82CDB24}.Release|iPhone.Build.0 = Release|Any CPU
		{67F9D3A8-F71E-4428-913F-C37AE82CDB24}.Release|iPhoneSimulator.ActiveCfg = Release|Any CPU
		{67F9D3A8-F71E-4428-913F-C37AE82CDB24}.Release|iPhoneSimulator.Build.0 = Release|Any CPU
		{67F9D3A8-F71E-4428-913F-C37AE82CDB24}.Release|x64.ActiveCfg = Release|Any CPU
		{67F9D3A8-F71E-4428-913F-C37AE82CDB24}.Release|x64.Build.0 = Release|Any CPU
		{67F9D3A8-F71E-4428-913F-C37AE82CDB24}.Release|x86.ActiveCfg = Release|Any CPU
		{67F9D3A8-F71E-4428-913F-C37AE82CDB24}.Release|x86.Build.0 = Release|Any CPU
	EndGlobalSection
	GlobalSection(SolutionProperties) = preSolution
		HideSolutionNode = FALSE
	EndGlobalSection
EndGlobal
